// !$*UTF8*$!
{
	archiveVersion = 1;
	classes = {
	};
	objectVersion = 55;
	objects = {

/* Begin PBXBuildFile section */
		1E258853290D60DE00822A7C /* AppDelegate.swift in Sources */ = {isa = PBXBuildFile; fileRef = 1E258852290D60DE00822A7C /* AppDelegate.swift */; };
		1E258855290D60DE00822A7C /* SceneDelegate.swift in Sources */ = {isa = PBXBuildFile; fileRef = 1E258854290D60DE00822A7C /* SceneDelegate.swift */; };
		1E25885C290D60DF00822A7C /* Assets.xcassets in Resources */ = {isa = PBXBuildFile; fileRef = 1E25885B290D60DF00822A7C /* Assets.xcassets */; };
		1E25885F290D60DF00822A7C /* LaunchScreen.storyboard in Resources */ = {isa = PBXBuildFile; fileRef = 1E25885D290D60DF00822A7C /* LaunchScreen.storyboard */; };
		1E82F791290F0F2900F7E5CB /* TabBarPagesEnum.swift in Sources */ = {isa = PBXBuildFile; fileRef = 1E82F790290F0F2900F7E5CB /* TabBarPagesEnum.swift */; };
		1E8B2CD1290D6C01002C8AF2 /* swiftgen.yml in Resources */ = {isa = PBXBuildFile; fileRef = 1E8B2CD0290D6C01002C8AF2 /* swiftgen.yml */; };
		1E8B2CD5290D6EDA002C8AF2 /* Colors.xcassets in Resources */ = {isa = PBXBuildFile; fileRef = 1E8B2CD4290D6EDA002C8AF2 /* Colors.xcassets */; };
		1E8B2CD8290D7308002C8AF2 /* XCAssets+Generated.swift in Sources */ = {isa = PBXBuildFile; fileRef = 1E8B2CD7290D7308002C8AF2 /* XCAssets+Generated.swift */; };
		1E8B2CDE290D775D002C8AF2 /* Localizable.strings in Resources */ = {isa = PBXBuildFile; fileRef = 1E8B2CDC290D775D002C8AF2 /* Localizable.strings */; };
		1E8B2CE0290D7795002C8AF2 /* Strings+Generated.swift in Sources */ = {isa = PBXBuildFile; fileRef = 1E8B2CDF290D7795002C8AF2 /* Strings+Generated.swift */; };
		1E8B2CE9290DA11A002C8AF2 /* TabBarCoordinator.swift in Sources */ = {isa = PBXBuildFile; fileRef = 1E8B2CE8290DA11A002C8AF2 /* TabBarCoordinator.swift */; };
		1E8B2CEF290DA3C4002C8AF2 /* ViewCode.swift in Sources */ = {isa = PBXBuildFile; fileRef = 1E8B2CEE290DA3C4002C8AF2 /* ViewCode.swift */; };
		1EB782E92912ECEB003F4133 /* Coordinator.swift in Sources */ = {isa = PBXBuildFile; fileRef = 1EB782E82912ECEB003F4133 /* Coordinator.swift */; };
		1EB782EB2912ED31003F4133 /* AppCoordinator.swift in Sources */ = {isa = PBXBuildFile; fileRef = 1EB782EA2912ED31003F4133 /* AppCoordinator.swift */; };
		27B037E685CA10B8C089A819 /* Pods_Nubank.framework in Frameworks */ = {isa = PBXBuildFile; fileRef = 130AF0A35D9A53CEEC623E16 /* Pods_Nubank.framework */; };
		293670B07C26CD27DA4588D2 /* Pods_NubankTests.framework in Frameworks */ = {isa = PBXBuildFile; fileRef = 7D2E364C52E3989A6F7529F7 /* Pods_NubankTests.framework */; };
/* End PBXBuildFile section */

/* Begin PBXContainerItemProxy section */
		1E258866290D60DF00822A7C /* PBXContainerItemProxy */ = {
			isa = PBXContainerItemProxy;
			containerPortal = 1E258847290D60DE00822A7C /* Project object */;
			proxyType = 1;
			remoteGlobalIDString = 1E25884E290D60DE00822A7C;
			remoteInfo = Nubank;
		};
/* End PBXContainerItemProxy section */

/* Begin PBXFileReference section */
		130AF0A35D9A53CEEC623E16 /* Pods_Nubank.framework */ = {isa = PBXFileReference; explicitFileType = wrapper.framework; includeInIndex = 0; path = Pods_Nubank.framework; sourceTree = BUILT_PRODUCTS_DIR; };
		1E25884F290D60DE00822A7C /* Nubank.app */ = {isa = PBXFileReference; explicitFileType = wrapper.application; includeInIndex = 0; path = Nubank.app; sourceTree = BUILT_PRODUCTS_DIR; };
		1E258852290D60DE00822A7C /* AppDelegate.swift */ = {isa = PBXFileReference; lastKnownFileType = sourcecode.swift; path = AppDelegate.swift; sourceTree = "<group>"; };
		1E258854290D60DE00822A7C /* SceneDelegate.swift */ = {isa = PBXFileReference; lastKnownFileType = sourcecode.swift; path = SceneDelegate.swift; sourceTree = "<group>"; };
		1E25885B290D60DF00822A7C /* Assets.xcassets */ = {isa = PBXFileReference; lastKnownFileType = folder.assetcatalog; path = Assets.xcassets; sourceTree = "<group>"; };
		1E25885E290D60DF00822A7C /* Base */ = {isa = PBXFileReference; lastKnownFileType = file.storyboard; name = Base; path = Base.lproj/LaunchScreen.storyboard; sourceTree = "<group>"; };
		1E258860290D60DF00822A7C /* Info.plist */ = {isa = PBXFileReference; lastKnownFileType = text.plist.xml; path = Info.plist; sourceTree = "<group>"; };
		1E258865290D60DF00822A7C /* NubankTests.xctest */ = {isa = PBXFileReference; explicitFileType = wrapper.cfbundle; includeInIndex = 0; path = NubankTests.xctest; sourceTree = BUILT_PRODUCTS_DIR; };
		1E82F790290F0F2900F7E5CB /* TabBarPagesEnum.swift */ = {isa = PBXFileReference; lastKnownFileType = sourcecode.swift; path = TabBarPagesEnum.swift; sourceTree = "<group>"; };
		1E8B2CD0290D6C01002C8AF2 /* swiftgen.yml */ = {isa = PBXFileReference; fileEncoding = 4; lastKnownFileType = text.yaml; path = swiftgen.yml; sourceTree = "<group>"; };
		1E8B2CD4290D6EDA002C8AF2 /* Colors.xcassets */ = {isa = PBXFileReference; lastKnownFileType = folder.assetcatalog; path = Colors.xcassets; sourceTree = "<group>"; };
		1E8B2CD7290D7308002C8AF2 /* XCAssets+Generated.swift */ = {isa = PBXFileReference; fileEncoding = 4; lastKnownFileType = sourcecode.swift; path = "XCAssets+Generated.swift"; sourceTree = "<group>"; };
		1E8B2CDD290D775D002C8AF2 /* pt-br */ = {isa = PBXFileReference; lastKnownFileType = text.plist.strings; name = "pt-br"; path = Localizable.strings; sourceTree = "<group>"; };
		1E8B2CDF290D7795002C8AF2 /* Strings+Generated.swift */ = {isa = PBXFileReference; fileEncoding = 4; lastKnownFileType = sourcecode.swift; path = "Strings+Generated.swift"; sourceTree = "<group>"; };
		1E8B2CE8290DA11A002C8AF2 /* TabBarCoordinator.swift */ = {isa = PBXFileReference; lastKnownFileType = sourcecode.swift; path = TabBarCoordinator.swift; sourceTree = "<group>"; };
		1E8B2CEE290DA3C4002C8AF2 /* ViewCode.swift */ = {isa = PBXFileReference; lastKnownFileType = sourcecode.swift; path = ViewCode.swift; sourceTree = "<group>"; };
		1EB782E82912ECEB003F4133 /* Coordinator.swift */ = {isa = PBXFileReference; lastKnownFileType = sourcecode.swift; path = Coordinator.swift; sourceTree = "<group>"; };
		1EB782EA2912ED31003F4133 /* AppCoordinator.swift */ = {isa = PBXFileReference; lastKnownFileType = sourcecode.swift; path = AppCoordinator.swift; sourceTree = "<group>"; };
		32B9015D20A857C20E57D3B3 /* Pods-NubankTests.debug.xcconfig */ = {isa = PBXFileReference; includeInIndex = 1; lastKnownFileType = text.xcconfig; name = "Pods-NubankTests.debug.xcconfig"; path = "Target Support Files/Pods-NubankTests/Pods-NubankTests.debug.xcconfig"; sourceTree = "<group>"; };
		3774860613A0295F7F408560 /* Pods-Nubank.debug.xcconfig */ = {isa = PBXFileReference; includeInIndex = 1; lastKnownFileType = text.xcconfig; name = "Pods-Nubank.debug.xcconfig"; path = "Target Support Files/Pods-Nubank/Pods-Nubank.debug.xcconfig"; sourceTree = "<group>"; };
		3F9F094E16F8C6FD97880671 /* Pods-NubankTests.release.xcconfig */ = {isa = PBXFileReference; includeInIndex = 1; lastKnownFileType = text.xcconfig; name = "Pods-NubankTests.release.xcconfig"; path = "Target Support Files/Pods-NubankTests/Pods-NubankTests.release.xcconfig"; sourceTree = "<group>"; };
		668297F463B564ED96090131 /* Pods-Nubank.release.xcconfig */ = {isa = PBXFileReference; includeInIndex = 1; lastKnownFileType = text.xcconfig; name = "Pods-Nubank.release.xcconfig"; path = "Target Support Files/Pods-Nubank/Pods-Nubank.release.xcconfig"; sourceTree = "<group>"; };
		7D2E364C52E3989A6F7529F7 /* Pods_NubankTests.framework */ = {isa = PBXFileReference; explicitFileType = wrapper.framework; includeInIndex = 0; path = Pods_NubankTests.framework; sourceTree = BUILT_PRODUCTS_DIR; };
/* End PBXFileReference section */

/* Begin PBXFrameworksBuildPhase section */
		1E25884C290D60DE00822A7C /* Frameworks */ = {
			isa = PBXFrameworksBuildPhase;
			buildActionMask = 2147483647;
			files = (
				27B037E685CA10B8C089A819 /* Pods_Nubank.framework in Frameworks */,
			);
			runOnlyForDeploymentPostprocessing = 0;
		};
		1E258862290D60DF00822A7C /* Frameworks */ = {
			isa = PBXFrameworksBuildPhase;
			buildActionMask = 2147483647;
			files = (
				293670B07C26CD27DA4588D2 /* Pods_NubankTests.framework in Frameworks */,
			);
			runOnlyForDeploymentPostprocessing = 0;
		};
/* End PBXFrameworksBuildPhase section */

/* Begin PBXGroup section */
		1E258846290D60DE00822A7C = {
			isa = PBXGroup;
			children = (
				1E8B2CD0290D6C01002C8AF2 /* swiftgen.yml */,
				1E258851290D60DE00822A7C /* Nubank */,
				1E258868290D60DF00822A7C /* NubankTests */,
				1E258850290D60DE00822A7C /* Products */,
				430C59043FBC7E099DDEF6E9 /* Pods */,
				AF22576210B40CEFA9F1F6F4 /* Frameworks */,
			);
			sourceTree = "<group>";
		};
		1E258850290D60DE00822A7C /* Products */ = {
			isa = PBXGroup;
			children = (
				1E25884F290D60DE00822A7C /* Nubank.app */,
				1E258865290D60DF00822A7C /* NubankTests.xctest */,
			);
			name = Products;
			sourceTree = "<group>";
		};
		1E258851290D60DE00822A7C /* Nubank */ = {
			isa = PBXGroup;
			children = (
				1E258860290D60DF00822A7C /* Info.plist */,
				1E8B2CE1290D77EC002C8AF2 /* Application */,
				1E8B2CD6290D6EEC002C8AF2 /* Generated */,
				1E8B2CE2290D787B002C8AF2 /* Screens */,
				1E8B2CD3290D6EAB002C8AF2 /* Sources */,
			);
			path = Nubank;
			sourceTree = "<group>";
		};
		1E258868290D60DF00822A7C /* NubankTests */ = {
			isa = PBXGroup;
			children = (
				1E82F78C290F00FF00F7E5CB /* Screens */,
			);
			path = NubankTests;
			sourceTree = "<group>";
		};
		1E82F78C290F00FF00F7E5CB /* Screens */ = {
			isa = PBXGroup;
			children = (
				1E82F78E290F010C00F7E5CB /* TabBar */,
				1E82F78D290F010600F7E5CB /* Commons */,
			);
			path = Screens;
			sourceTree = "<group>";
		};
		1E82F78D290F010600F7E5CB /* Commons */ = {
			isa = PBXGroup;
			children = (
			);
			path = Commons;
			sourceTree = "<group>";
		};
		1E82F78E290F010C00F7E5CB /* TabBar */ = {
			isa = PBXGroup;
			children = (
			);
			path = TabBar;
			sourceTree = "<group>";
		};
		1E82F78F290F0F1100F7E5CB /* Models */ = {
			isa = PBXGroup;
			children = (
				1E82F790290F0F2900F7E5CB /* TabBarPagesEnum.swift */,
			);
			path = Models;
			sourceTree = "<group>";
		};
		1E8B2CD3290D6EAB002C8AF2 /* Sources */ = {
			isa = PBXGroup;
			children = (
				1E8B2CDB290D772D002C8AF2 /* pt-br.lproj */,
				1E25885B290D60DF00822A7C /* Assets.xcassets */,
				1E8B2CD4290D6EDA002C8AF2 /* Colors.xcassets */,
			);
			path = Sources;
			sourceTree = "<group>";
		};
		1E8B2CD6290D6EEC002C8AF2 /* Generated */ = {
			isa = PBXGroup;
			children = (
				1E8B2CDF290D7795002C8AF2 /* Strings+Generated.swift */,
				1E8B2CD7290D7308002C8AF2 /* XCAssets+Generated.swift */,
			);
			path = Generated;
			sourceTree = "<group>";
		};
		1E8B2CDB290D772D002C8AF2 /* pt-br.lproj */ = {
			isa = PBXGroup;
			children = (
				1E8B2CDC290D775D002C8AF2 /* Localizable.strings */,
			);
			path = "pt-br.lproj";
			sourceTree = "<group>";
		};
		1E8B2CE1290D77EC002C8AF2 /* Application */ = {
			isa = PBXGroup;
			children = (
				1E258852290D60DE00822A7C /* AppDelegate.swift */,
				1E258854290D60DE00822A7C /* SceneDelegate.swift */,
				1E25885D290D60DF00822A7C /* LaunchScreen.storyboard */,
				1EB782EA2912ED31003F4133 /* AppCoordinator.swift */,
			);
			path = Application;
			sourceTree = "<group>";
		};
		1E8B2CE2290D787B002C8AF2 /* Screens */ = {
			isa = PBXGroup;
			children = (
				1EB782E62912BAF8003F4133 /* Home */,
				1E8B2CEA290DA13C002C8AF2 /* Commons */,
				1E8B2CE3290D7881002C8AF2 /* TabBar */,
			);
			path = Screens;
			sourceTree = "<group>";
		};
		1E8B2CE3290D7881002C8AF2 /* TabBar */ = {
			isa = PBXGroup;
			children = (
				1E8B2CE8290DA11A002C8AF2 /* TabBarCoordinator.swift */,
				1E82F78F290F0F1100F7E5CB /* Models */,
			);
			path = TabBar;
			sourceTree = "<group>";
		};
		1E8B2CEA290DA13C002C8AF2 /* Commons */ = {
			isa = PBXGroup;
			children = (
				1E8B2CEB290DA143002C8AF2 /* Protocols */,
			);
			path = Commons;
			sourceTree = "<group>";
		};
		1E8B2CEB290DA143002C8AF2 /* Protocols */ = {
			isa = PBXGroup;
			children = (
				1E8B2CEE290DA3C4002C8AF2 /* ViewCode.swift */,
				1EB782E82912ECEB003F4133 /* Coordinator.swift */,
			);
			path = Protocols;
			sourceTree = "<group>";
		};
		1EB782E62912BAF8003F4133 /* Home */ = {
			isa = PBXGroup;
			children = (
			);
			path = Home;
			sourceTree = "<group>";
		};
		430C59043FBC7E099DDEF6E9 /* Pods */ = {
			isa = PBXGroup;
			children = (
				3774860613A0295F7F408560 /* Pods-Nubank.debug.xcconfig */,
				668297F463B564ED96090131 /* Pods-Nubank.release.xcconfig */,
				32B9015D20A857C20E57D3B3 /* Pods-NubankTests.debug.xcconfig */,
				3F9F094E16F8C6FD97880671 /* Pods-NubankTests.release.xcconfig */,
			);
			path = Pods;
			sourceTree = "<group>";
		};
		AF22576210B40CEFA9F1F6F4 /* Frameworks */ = {
			isa = PBXGroup;
			children = (
				130AF0A35D9A53CEEC623E16 /* Pods_Nubank.framework */,
				7D2E364C52E3989A6F7529F7 /* Pods_NubankTests.framework */,
			);
			name = Frameworks;
			sourceTree = "<group>";
		};
/* End PBXGroup section */

/* Begin PBXNativeTarget section */
		1E25884E290D60DE00822A7C /* Nubank */ = {
			isa = PBXNativeTarget;
			buildConfigurationList = 1E258879290D60DF00822A7C /* Build configuration list for PBXNativeTarget "Nubank" */;
			buildPhases = (
				35F845C97E122ADFBEC15ABD /* [CP] Check Pods Manifest.lock */,
				1E8B2CD2290D6CA5002C8AF2 /* SwiftGen */,
				1E25884B290D60DE00822A7C /* Sources */,
				1E25884C290D60DE00822A7C /* Frameworks */,
				1E25884D290D60DE00822A7C /* Resources */,
				1E258882290D652100822A7C /* SwiftLint */,
			);
			buildRules = (
			);
			dependencies = (
			);
			name = Nubank;
			productName = Nubank;
			productReference = 1E25884F290D60DE00822A7C /* Nubank.app */;
			productType = "com.apple.product-type.application";
		};
		1E258864290D60DF00822A7C /* NubankTests */ = {
			isa = PBXNativeTarget;
			buildConfigurationList = 1E25887C290D60DF00822A7C /* Build configuration list for PBXNativeTarget "NubankTests" */;
			buildPhases = (
				42685F6A1F0E7034938F8807 /* [CP] Check Pods Manifest.lock */,
				1E258861290D60DF00822A7C /* Sources */,
				1E258862290D60DF00822A7C /* Frameworks */,
				1E258863290D60DF00822A7C /* Resources */,
			);
			buildRules = (
			);
			dependencies = (
				1E258867290D60DF00822A7C /* PBXTargetDependency */,
			);
			name = NubankTests;
			productName = NubankTests;
			productReference = 1E258865290D60DF00822A7C /* NubankTests.xctest */;
			productType = "com.apple.product-type.bundle.unit-test";
		};
/* End PBXNativeTarget section */

/* Begin PBXProject section */
		1E258847290D60DE00822A7C /* Project object */ = {
			isa = PBXProject;
			attributes = {
				BuildIndependentTargetsInParallel = 1;
				LastSwiftUpdateCheck = 1400;
				LastUpgradeCheck = 1400;
				TargetAttributes = {
					1E25884E290D60DE00822A7C = {
						CreatedOnToolsVersion = 14.0.1;
					};
					1E258864290D60DF00822A7C = {
						CreatedOnToolsVersion = 14.0.1;
						TestTargetID = 1E25884E290D60DE00822A7C;
					};
				};
			};
			buildConfigurationList = 1E25884A290D60DE00822A7C /* Build configuration list for PBXProject "Nubank" */;
			compatibilityVersion = "Xcode 13.0";
			developmentRegion = en;
			hasScannedForEncodings = 0;
			knownRegions = (
				en,
				Base,
				"pt-br",
				"pt-BR",
			);
			mainGroup = 1E258846290D60DE00822A7C;
			productRefGroup = 1E258850290D60DE00822A7C /* Products */;
			projectDirPath = "";
			projectRoot = "";
			targets = (
				1E25884E290D60DE00822A7C /* Nubank */,
				1E258864290D60DF00822A7C /* NubankTests */,
			);
		};
/* End PBXProject section */

/* Begin PBXResourcesBuildPhase section */
		1E25884D290D60DE00822A7C /* Resources */ = {
			isa = PBXResourcesBuildPhase;
			buildActionMask = 2147483647;
			files = (
				1E8B2CDE290D775D002C8AF2 /* Localizable.strings in Resources */,
				1E25885F290D60DF00822A7C /* LaunchScreen.storyboard in Resources */,
				1E8B2CD5290D6EDA002C8AF2 /* Colors.xcassets in Resources */,
				1E25885C290D60DF00822A7C /* Assets.xcassets in Resources */,
				1E8B2CD1290D6C01002C8AF2 /* swiftgen.yml in Resources */,
			);
			runOnlyForDeploymentPostprocessing = 0;
		};
		1E258863290D60DF00822A7C /* Resources */ = {
			isa = PBXResourcesBuildPhase;
			buildActionMask = 2147483647;
			files = (
			);
			runOnlyForDeploymentPostprocessing = 0;
		};
/* End PBXResourcesBuildPhase section */

/* Begin PBXShellScriptBuildPhase section */
		1E258882290D652100822A7C /* SwiftLint */ = {
			isa = PBXShellScriptBuildPhase;
			alwaysOutOfDate = 1;
			buildActionMask = 2147483647;
			files = (
			);
			inputFileListPaths = (
			);
			inputPaths = (
			);
			name = SwiftLint;
			outputFileListPaths = (
			);
			outputPaths = (
			);
			runOnlyForDeploymentPostprocessing = 0;
			shellPath = /bin/sh;
			shellScript = "\"${PODS_ROOT}/SwiftLint/swiftlint\"\n";
		};
		1E8B2CD2290D6CA5002C8AF2 /* SwiftGen */ = {
			isa = PBXShellScriptBuildPhase;
			buildActionMask = 2147483647;
			files = (
			);
			inputFileListPaths = (
			);
			inputPaths = (
			);
			name = SwiftGen;
			outputFileListPaths = (
			);
			outputPaths = (
			);
			runOnlyForDeploymentPostprocessing = 0;
			shellPath = /bin/sh;
			shellScript = "if [[ -f \"${PODS_ROOT}/SwiftGen/bin/swiftgen\" ]]; then\n  \"${PODS_ROOT}/SwiftGen/bin/swiftgen\"\nelse\n  echo \"warning: SwiftGen is not installed. Run 'pod install --repo-update' to install it.\"\nfi \n";
		};
		35F845C97E122ADFBEC15ABD /* [CP] Check Pods Manifest.lock */ = {
			isa = PBXShellScriptBuildPhase;
			buildActionMask = 2147483647;
			files = (
			);
			inputFileListPaths = (
			);
			inputPaths = (
				"${PODS_PODFILE_DIR_PATH}/Podfile.lock",
				"${PODS_ROOT}/Manifest.lock",
			);
			name = "[CP] Check Pods Manifest.lock";
			outputFileListPaths = (
			);
			outputPaths = (
				"$(DERIVED_FILE_DIR)/Pods-Nubank-checkManifestLockResult.txt",
			);
			runOnlyForDeploymentPostprocessing = 0;
			shellPath = /bin/sh;
			shellScript = "diff \"${PODS_PODFILE_DIR_PATH}/Podfile.lock\" \"${PODS_ROOT}/Manifest.lock\" > /dev/null\nif [ $? != 0 ] ; then\n    # print error to STDERR\n    echo \"error: The sandbox is not in sync with the Podfile.lock. Run 'pod install' or update your CocoaPods installation.\" >&2\n    exit 1\nfi\n# This output is used by Xcode 'outputs' to avoid re-running this script phase.\necho \"SUCCESS\" > \"${SCRIPT_OUTPUT_FILE_0}\"\n";
			showEnvVarsInLog = 0;
		};
		42685F6A1F0E7034938F8807 /* [CP] Check Pods Manifest.lock */ = {
			isa = PBXShellScriptBuildPhase;
			buildActionMask = 2147483647;
			files = (
			);
			inputFileListPaths = (
			);
			inputPaths = (
				"${PODS_PODFILE_DIR_PATH}/Podfile.lock",
				"${PODS_ROOT}/Manifest.lock",
			);
			name = "[CP] Check Pods Manifest.lock";
			outputFileListPaths = (
			);
			outputPaths = (
				"$(DERIVED_FILE_DIR)/Pods-NubankTests-checkManifestLockResult.txt",
			);
			runOnlyForDeploymentPostprocessing = 0;
			shellPath = /bin/sh;
			shellScript = "diff \"${PODS_PODFILE_DIR_PATH}/Podfile.lock\" \"${PODS_ROOT}/Manifest.lock\" > /dev/null\nif [ $? != 0 ] ; then\n    # print error to STDERR\n    echo \"error: The sandbox is not in sync with the Podfile.lock. Run 'pod install' or update your CocoaPods installation.\" >&2\n    exit 1\nfi\n# This output is used by Xcode 'outputs' to avoid re-running this script phase.\necho \"SUCCESS\" > \"${SCRIPT_OUTPUT_FILE_0}\"\n";
			showEnvVarsInLog = 0;
		};
/* End PBXShellScriptBuildPhase section */

/* Begin PBXSourcesBuildPhase section */
		1E25884B290D60DE00822A7C /* Sources */ = {
			isa = PBXSourcesBuildPhase;
			buildActionMask = 2147483647;
			files = (
				1E8B2CE0290D7795002C8AF2 /* Strings+Generated.swift in Sources */,
				1EB782E92912ECEB003F4133 /* Coordinator.swift in Sources */,
				1E82F791290F0F2900F7E5CB /* TabBarPagesEnum.swift in Sources */,
				1E8B2CEF290DA3C4002C8AF2 /* ViewCode.swift in Sources */,
				1EB782EB2912ED31003F4133 /* AppCoordinator.swift in Sources */,
				1E258853290D60DE00822A7C /* AppDelegate.swift in Sources */,
				1E8B2CE9290DA11A002C8AF2 /* TabBarCoordinator.swift in Sources */,
				1E258855290D60DE00822A7C /* SceneDelegate.swift in Sources */,
				1E8B2CD8290D7308002C8AF2 /* XCAssets+Generated.swift in Sources */,
			);
			runOnlyForDeploymentPostprocessing = 0;
		};
		1E258861290D60DF00822A7C /* Sources */ = {
			isa = PBXSourcesBuildPhase;
			buildActionMask = 2147483647;
			files = (
			);
			runOnlyForDeploymentPostprocessing = 0;
		};
/* End PBXSourcesBuildPhase section */

/* Begin PBXTargetDependency section */
		1E258867290D60DF00822A7C /* PBXTargetDependency */ = {
			isa = PBXTargetDependency;
			target = 1E25884E290D60DE00822A7C /* Nubank */;
			targetProxy = 1E258866290D60DF00822A7C /* PBXContainerItemProxy */;
		};
/* End PBXTargetDependency section */

/* Begin PBXVariantGroup section */
		1E25885D290D60DF00822A7C /* LaunchScreen.storyboard */ = {
			isa = PBXVariantGroup;
			children = (
				1E25885E290D60DF00822A7C /* Base */,
			);
			name = LaunchScreen.storyboard;
			sourceTree = "<group>";
		};
		1E8B2CDC290D775D002C8AF2 /* Localizable.strings */ = {
			isa = PBXVariantGroup;
			children = (
				1E8B2CDD290D775D002C8AF2 /* pt-br */,
			);
			name = Localizable.strings;
			sourceTree = "<group>";
		};
/* End PBXVariantGroup section */

/* Begin XCBuildConfiguration section */
		1E258877290D60DF00822A7C /* Debug */ = {
			isa = XCBuildConfiguration;
			buildSettings = {
				ALWAYS_SEARCH_USER_PATHS = NO;
				CLANG_ANALYZER_NONNULL = YES;
				CLANG_ANALYZER_NUMBER_OBJECT_CONVERSION = YES_AGGRESSIVE;
				CLANG_CXX_LANGUAGE_STANDARD = "gnu++20";
				CLANG_ENABLE_MODULES = YES;
				CLANG_ENABLE_OBJC_ARC = YES;
				CLANG_ENABLE_OBJC_WEAK = YES;
				CLANG_WARN_BLOCK_CAPTURE_AUTORELEASING = YES;
				CLANG_WARN_BOOL_CONVERSION = YES;
				CLANG_WARN_COMMA = YES;
				CLANG_WARN_CONSTANT_CONVERSION = YES;
				CLANG_WARN_DEPRECATED_OBJC_IMPLEMENTATIONS = YES;
				CLANG_WARN_DIRECT_OBJC_ISA_USAGE = YES_ERROR;
				CLANG_WARN_DOCUMENTATION_COMMENTS = YES;
				CLANG_WARN_EMPTY_BODY = YES;
				CLANG_WARN_ENUM_CONVERSION = YES;
				CLANG_WARN_INFINITE_RECURSION = YES;
				CLANG_WARN_INT_CONVERSION = YES;
				CLANG_WARN_NON_LITERAL_NULL_CONVERSION = YES;
				CLANG_WARN_OBJC_IMPLICIT_RETAIN_SELF = YES;
				CLANG_WARN_OBJC_LITERAL_CONVERSION = YES;
				CLANG_WARN_OBJC_ROOT_CLASS = YES_ERROR;
				CLANG_WARN_QUOTED_INCLUDE_IN_FRAMEWORK_HEADER = YES;
				CLANG_WARN_RANGE_LOOP_ANALYSIS = YES;
				CLANG_WARN_STRICT_PROTOTYPES = YES;
				CLANG_WARN_SUSPICIOUS_MOVE = YES;
				CLANG_WARN_UNGUARDED_AVAILABILITY = YES_AGGRESSIVE;
				CLANG_WARN_UNREACHABLE_CODE = YES;
				CLANG_WARN__DUPLICATE_METHOD_MATCH = YES;
				COPY_PHASE_STRIP = NO;
				DEBUG_INFORMATION_FORMAT = dwarf;
				ENABLE_STRICT_OBJC_MSGSEND = YES;
				ENABLE_TESTABILITY = YES;
				GCC_C_LANGUAGE_STANDARD = gnu11;
				GCC_DYNAMIC_NO_PIC = NO;
				GCC_NO_COMMON_BLOCKS = YES;
				GCC_OPTIMIZATION_LEVEL = 0;
				GCC_PREPROCESSOR_DEFINITIONS = (
					"DEBUG=1",
					"$(inherited)",
				);
				GCC_WARN_64_TO_32_BIT_CONVERSION = YES;
				GCC_WARN_ABOUT_RETURN_TYPE = YES_ERROR;
				GCC_WARN_UNDECLARED_SELECTOR = YES;
				GCC_WARN_UNINITIALIZED_AUTOS = YES_AGGRESSIVE;
				GCC_WARN_UNUSED_FUNCTION = YES;
				GCC_WARN_UNUSED_VARIABLE = YES;
				IPHONEOS_DEPLOYMENT_TARGET = 15.0;
				MTL_ENABLE_DEBUG_INFO = INCLUDE_SOURCE;
				MTL_FAST_MATH = YES;
				ONLY_ACTIVE_ARCH = YES;
				SDKROOT = iphoneos;
				SWIFT_ACTIVE_COMPILATION_CONDITIONS = DEBUG;
				SWIFT_OPTIMIZATION_LEVEL = "-Onone";
			};
			name = Debug;
		};
		1E258878290D60DF00822A7C /* Release */ = {
			isa = XCBuildConfiguration;
			buildSettings = {
				ALWAYS_SEARCH_USER_PATHS = NO;
				CLANG_ANALYZER_NONNULL = YES;
				CLANG_ANALYZER_NUMBER_OBJECT_CONVERSION = YES_AGGRESSIVE;
				CLANG_CXX_LANGUAGE_STANDARD = "gnu++20";
				CLANG_ENABLE_MODULES = YES;
				CLANG_ENABLE_OBJC_ARC = YES;
				CLANG_ENABLE_OBJC_WEAK = YES;
				CLANG_WARN_BLOCK_CAPTURE_AUTORELEASING = YES;
				CLANG_WARN_BOOL_CONVERSION = YES;
				CLANG_WARN_COMMA = YES;
				CLANG_WARN_CONSTANT_CONVERSION = YES;
				CLANG_WARN_DEPRECATED_OBJC_IMPLEMENTATIONS = YES;
				CLANG_WARN_DIRECT_OBJC_ISA_USAGE = YES_ERROR;
				CLANG_WARN_DOCUMENTATION_COMMENTS = YES;
				CLANG_WARN_EMPTY_BODY = YES;
				CLANG_WARN_ENUM_CONVERSION = YES;
				CLANG_WARN_INFINITE_RECURSION = YES;
				CLANG_WARN_INT_CONVERSION = YES;
				CLANG_WARN_NON_LITERAL_NULL_CONVERSION = YES;
				CLANG_WARN_OBJC_IMPLICIT_RETAIN_SELF = YES;
				CLANG_WARN_OBJC_LITERAL_CONVERSION = YES;
				CLANG_WARN_OBJC_ROOT_CLASS = YES_ERROR;
				CLANG_WARN_QUOTED_INCLUDE_IN_FRAMEWORK_HEADER = YES;
				CLANG_WARN_RANGE_LOOP_ANALYSIS = YES;
				CLANG_WARN_STRICT_PROTOTYPES = YES;
				CLANG_WARN_SUSPICIOUS_MOVE = YES;
				CLANG_WARN_UNGUARDED_AVAILABILITY = YES_AGGRESSIVE;
				CLANG_WARN_UNREACHABLE_CODE = YES;
				CLANG_WARN__DUPLICATE_METHOD_MATCH = YES;
				COPY_PHASE_STRIP = NO;
				DEBUG_INFORMATION_FORMAT = "dwarf-with-dsym";
				ENABLE_NS_ASSERTIONS = NO;
				ENABLE_STRICT_OBJC_MSGSEND = YES;
				GCC_C_LANGUAGE_STANDARD = gnu11;
				GCC_NO_COMMON_BLOCKS = YES;
				GCC_WARN_64_TO_32_BIT_CONVERSION = YES;
				GCC_WARN_ABOUT_RETURN_TYPE = YES_ERROR;
				GCC_WARN_UNDECLARED_SELECTOR = YES;
				GCC_WARN_UNINITIALIZED_AUTOS = YES_AGGRESSIVE;
				GCC_WARN_UNUSED_FUNCTION = YES;
				GCC_WARN_UNUSED_VARIABLE = YES;
				IPHONEOS_DEPLOYMENT_TARGET = 15.0;
				MTL_ENABLE_DEBUG_INFO = NO;
				MTL_FAST_MATH = YES;
				SDKROOT = iphoneos;
				SWIFT_COMPILATION_MODE = wholemodule;
				SWIFT_OPTIMIZATION_LEVEL = "-O";
				VALIDATE_PRODUCT = YES;
			};
			name = Release;
		};
		1E25887A290D60DF00822A7C /* Debug */ = {
			isa = XCBuildConfiguration;
			baseConfigurationReference = 3774860613A0295F7F408560 /* Pods-Nubank.debug.xcconfig */;
			buildSettings = {
				ASSETCATALOG_COMPILER_APPICON_NAME = AppIcon;
				ASSETCATALOG_COMPILER_GLOBAL_ACCENT_COLOR_NAME = AccentColor;
				CODE_SIGN_STYLE = Automatic;
				CURRENT_PROJECT_VERSION = 1;
				DEVELOPMENT_TEAM = 49VTWBV22B;
				GENERATE_INFOPLIST_FILE = YES;
				INFOPLIST_FILE = Nubank/Info.plist;
				INFOPLIST_KEY_UIApplicationSupportsIndirectInputEvents = YES;
				INFOPLIST_KEY_UILaunchStoryboardName = LaunchScreen;
				INFOPLIST_KEY_UIMainStoryboardFile = "";
				INFOPLIST_KEY_UISupportedInterfaceOrientations = UIInterfaceOrientationPortrait;
				INFOPLIST_KEY_UISupportedInterfaceOrientations_iPad = "UIInterfaceOrientationLandscapeLeft UIInterfaceOrientationLandscapeRight UIInterfaceOrientationPortrait UIInterfaceOrientationPortraitUpsideDown";
				IPHONEOS_DEPLOYMENT_TARGET = 15.0;
				LD_RUNPATH_SEARCH_PATHS = (
					"$(inherited)",
					"@executable_path/Frameworks",
				);
				MARKETING_VERSION = 1.0;
				PRODUCT_BUNDLE_IDENTIFIER = vitor.conceicao.Nubank;
				PRODUCT_NAME = "$(TARGET_NAME)";
				SUPPORTED_PLATFORMS = "iphoneos iphonesimulator";
				SUPPORTS_MACCATALYST = NO;
				SUPPORTS_MAC_DESIGNED_FOR_IPHONE_IPAD = NO;
				SWIFT_EMIT_LOC_STRINGS = YES;
				SWIFT_VERSION = 5.0;
				TARGETED_DEVICE_FAMILY = 1;
			};
			name = Debug;
		};
		1E25887B290D60DF00822A7C /* Release */ = {
			isa = XCBuildConfiguration;
			baseConfigurationReference = 668297F463B564ED96090131 /* Pods-Nubank.release.xcconfig */;
			buildSettings = {
				ASSETCATALOG_COMPILER_APPICON_NAME = AppIcon;
				ASSETCATALOG_COMPILER_GLOBAL_ACCENT_COLOR_NAME = AccentColor;
				CODE_SIGN_STYLE = Automatic;
				CURRENT_PROJECT_VERSION = 1;
				DEVELOPMENT_TEAM = 49VTWBV22B;
				GENERATE_INFOPLIST_FILE = YES;
				INFOPLIST_FILE = Nubank/Info.plist;
				INFOPLIST_KEY_UIApplicationSupportsIndirectInputEvents = YES;
				INFOPLIST_KEY_UILaunchStoryboardName = LaunchScreen;
				INFOPLIST_KEY_UIMainStoryboardFile = "";
				INFOPLIST_KEY_UISupportedInterfaceOrientations = UIInterfaceOrientationPortrait;
				INFOPLIST_KEY_UISupportedInterfaceOrientations_iPad = "UIInterfaceOrientationLandscapeLeft UIInterfaceOrientationLandscapeRight UIInterfaceOrientationPortrait UIInterfaceOrientationPortraitUpsideDown";
				IPHONEOS_DEPLOYMENT_TARGET = 15.0;
				LD_RUNPATH_SEARCH_PATHS = (
					"$(inherited)",
					"@executable_path/Frameworks",
				);
				MARKETING_VERSION = 1.0;
				PRODUCT_BUNDLE_IDENTIFIER = vitor.conceicao.Nubank;
				PRODUCT_NAME = "$(TARGET_NAME)";
				SUPPORTED_PLATFORMS = "iphoneos iphonesimulator";
				SUPPORTS_MACCATALYST = NO;
				SUPPORTS_MAC_DESIGNED_FOR_IPHONE_IPAD = NO;
				SWIFT_EMIT_LOC_STRINGS = YES;
				SWIFT_VERSION = 5.0;
				TARGETED_DEVICE_FAMILY = 1;
			};
			name = Release;
		};
		1E25887D290D60DF00822A7C /* Debug */ = {
			isa = XCBuildConfiguration;
			baseConfigurationReference = 32B9015D20A857C20E57D3B3 /* Pods-NubankTests.debug.xcconfig */;
			buildSettings = {
				ALWAYS_EMBED_SWIFT_STANDARD_LIBRARIES = YES;
				BUNDLE_LOADER = "$(TEST_HOST)";
				CODE_SIGN_STYLE = Automatic;
				CURRENT_PROJECT_VERSION = 1;
				DEVELOPMENT_TEAM = 49VTWBV22B;
				GENERATE_INFOPLIST_FILE = YES;
				IPHONEOS_DEPLOYMENT_TARGET = 16.0;
				MARKETING_VERSION = 1.0;
				PRODUCT_BUNDLE_IDENTIFIER = vitor.conceicao.NubankTests;
				PRODUCT_NAME = "$(TARGET_NAME)";
				SWIFT_EMIT_LOC_STRINGS = NO;
				SWIFT_VERSION = 5.0;
				TARGETED_DEVICE_FAMILY = "1,2";
				TEST_HOST = "$(BUILT_PRODUCTS_DIR)/Nubank.app/$(BUNDLE_EXECUTABLE_FOLDER_PATH)/Nubank";
			};
			name = Debug;
		};
		1E25887E290D60DF00822A7C /* Release */ = {
			isa = XCBuildConfiguration;
			baseConfigurationReference = 3F9F094E16F8C6FD97880671 /* Pods-NubankTests.release.xcconfig */;
			buildSettings = {
				ALWAYS_EMBED_SWIFT_STANDARD_LIBRARIES = YES;
				BUNDLE_LOADER = "$(TEST_HOST)";
				CODE_SIGN_STYLE = Automatic;
				CURRENT_PROJECT_VERSION = 1;
				DEVELOPMENT_TEAM = 49VTWBV22B;
				GENERATE_INFOPLIST_FILE = YES;
				IPHONEOS_DEPLOYMENT_TARGET = 16.0;
				MARKETING_VERSION = 1.0;
				PRODUCT_BUNDLE_IDENTIFIER = vitor.conceicao.NubankTests;
				PRODUCT_NAME = "$(TARGET_NAME)";
				SWIFT_EMIT_LOC_STRINGS = NO;
				SWIFT_VERSION = 5.0;
				TARGETED_DEVICE_FAMILY = "1,2";
				TEST_HOST = "$(BUILT_PRODUCTS_DIR)/Nubank.app/$(BUNDLE_EXECUTABLE_FOLDER_PATH)/Nubank";
			};
			name = Release;
		};
/* End XCBuildConfiguration section */

/* Begin XCConfigurationList section */
		1E25884A290D60DE00822A7C /* Build configuration list for PBXProject "Nubank" */ = {
			isa = XCConfigurationList;
			buildConfigurations = (
				1E258877290D60DF00822A7C /* Debug */,
				1E258878290D60DF00822A7C /* Release */,
			);
			defaultConfigurationIsVisible = 0;
			defaultConfigurationName = Release;
		};
		1E258879290D60DF00822A7C /* Build configuration list for PBXNativeTarget "Nubank" */ = {
			isa = XCConfigurationList;
			buildConfigurations = (
				1E25887A290D60DF00822A7C /* Debug */,
				1E25887B290D60DF00822A7C /* Release */,
			);
			defaultConfigurationIsVisible = 0;
			defaultConfigurationName = Release;
		};
		1E25887C290D60DF00822A7C /* Build configuration list for PBXNativeTarget "NubankTests" */ = {
			isa = XCConfigurationList;
			buildConfigurations = (
				1E25887D290D60DF00822A7C /* Debug */,
				1E25887E290D60DF00822A7C /* Release */,
			);
			defaultConfigurationIsVisible = 0;
			defaultConfigurationName = Release;
		};
/* End XCConfigurationList section */
	};
	rootObject = 1E258847290D60DE00822A7C /* Project object */;
}
